
Microsoft Visual Studio Solution File, Format Version 12.00
# Visual Studio 14
VisualStudioVersion = 14.0.24720.0
MinimumVisualStudioVersion = 10.0.40219.1
Project("{FAE04EC0-301F-11D3-BF4B-00C04F79EFBC}") = "Draper.Tests", "test\Draper.Tests\Draper.Tests.csproj", "{371577AB-EAA7-4AF7-8FA0-99522AADD2A7}"
EndProject
Project("{FAE04EC0-301F-11D3-BF4B-00C04F79EFBC}") = "Draper.OracleManaged.Tests", "test\Draper.OracleManaged.Tests\Draper.OracleManaged.Tests.csproj", "{8C65E581-0E5B-43AF-9DF7-FD2E3A84A019}"
EndProject
Project("{FAE04EC0-301F-11D3-BF4B-00C04F79EFBC}") = "Draper.Oracle.Tests", "test\Draper.Oracle.Tests\Draper.Oracle.Tests.csproj", "{FFC0B649-30E7-4824-B7D0-76F483729B4F}"
EndProject
Project("{2150E333-8FDC-42A3-9474-1A3956D46DE8}") = "test", "test", "{4C70A620-4DF4-4461-AD80-9AD48EB79666}"
EndProject
Project("{FAE04EC0-301F-11D3-BF4B-00C04F79EFBC}") = "Draper.TestKit", "test\Draper.TestKit\Draper.TestKit.csproj", "{DD194984-5E72-4F59-A8E9-FF39FF7A177F}"
EndProject
Project("{8BB2217D-0F2D-49D1-97BC-3654ED321F3B}") = "Draper", "src\Draper\Draper.xproj", "{8DA28C30-9FE0-44FC-A962-812E755AFE71}"
EndProject
Global
	GlobalSection(SolutionConfigurationPlatforms) = preSolution
		Debug|Any CPU = Debug|Any CPU
		Release|Any CPU = Release|Any CPU
	EndGlobalSection
	GlobalSection(ProjectConfigurationPlatforms) = postSolution
		{371577AB-EAA7-4AF7-8FA0-99522AADD2A7}.Debug|Any CPU.ActiveCfg = Debug|Any CPU
		{371577AB-EAA7-4AF7-8FA0-99522AADD2A7}.Debug|Any CPU.Build.0 = Debug|Any CPU
		{371577AB-EAA7-4AF7-8FA0-99522AADD2A7}.Release|Any CPU.ActiveCfg = Release|Any CPU
		{371577AB-EAA7-4AF7-8FA0-99522AADD2A7}.Release|Any CPU.Build.0 = Release|Any CPU
		{8C65E581-0E5B-43AF-9DF7-FD2E3A84A019}.Debug|Any CPU.ActiveCfg = Debug|Any CPU
		{8C65E581-0E5B-43AF-9DF7-FD2E3A84A019}.Debug|Any CPU.Build.0 = Debug|Any CPU
		{8C65E581-0E5B-43AF-9DF7-FD2E3A84A019}.Release|Any CPU.ActiveCfg = Release|Any CPU
		{8C65E581-0E5B-43AF-9DF7-FD2E3A84A019}.Release|Any CPU.Build.0 = Release|Any CPU
		{FFC0B649-30E7-4824-B7D0-76F483729B4F}.Debug|Any CPU.ActiveCfg = Debug|Any CPU
		{FFC0B649-30E7-4824-B7D0-76F483729B4F}.Debug|Any CPU.Build.0 = Debug|Any CPU
		{FFC0B649-30E7-4824-B7D0-76F483729B4F}.Release|Any CPU.ActiveCfg = Release|Any CPU
		{FFC0B649-30E7-4824-B7D0-76F483729B4F}.Release|Any CPU.Build.0 = Release|Any CPU
		{DD194984-5E72-4F59-A8E9-FF39FF7A177F}.Debug|Any CPU.ActiveCfg = Debug|Any CPU
		{DD194984-5E72-4F59-A8E9-FF39FF7A177F}.Debug|Any CPU.Build.0 = Debug|Any CPU
		{DD194984-5E72-4F59-A8E9-FF39FF7A177F}.Release|Any CPU.ActiveCfg = Release|Any CPU
		{DD194984-5E72-4F59-A8E9-FF39FF7A177F}.Release|Any CPU.Build.0 = Release|Any CPU
		{8DA28C30-9FE0-44FC-A962-812E755AFE71}.Debug|Any CPU.ActiveCfg = Debug|Any CPU
		{8DA28C30-9FE0-44FC-A962-812E755AFE71}.Debug|Any CPU.Build.0 = Debug|Any CPU
		{8DA28C30-9FE0-44FC-A962-812E755AFE71}.Release|Any CPU.ActiveCfg = Release|Any CPU
		{8DA28C30-9FE0-44FC-A962-812E755AFE71}.Release|Any CPU.Build.0 = Release|Any CPU
	EndGlobalSection
	GlobalSection(SolutionProperties) = preSolution
		HideSolutionNode = FALSE
	EndGlobalSection
	GlobalSection(NestedProjects) = preSolution
		{371577AB-EAA7-4AF7-8FA0-99522AADD2A7} = {4C70A620-4DF4-4461-AD80-9AD48EB79666}
		{8C65E581-0E5B-43AF-9DF7-FD2E3A84A019} = {4C70A620-4DF4-4461-AD80-9AD48EB79666}
		{FFC0B649-30E7-4824-B7D0-76F483729B4F} = {4C70A620-4DF4-4461-AD80-9AD48EB79666}
		{DD194984-5E72-4F59-A8E9-FF39FF7A177F} = {4C70A620-4DF4-4461-AD80-9AD48EB79666}
	EndGlobalSection
EndGlobal
